lockfileVersion: 5.3

importers:

  .:
    specifiers:
      '@ugdu/packer': ^0.1.4
      '@ugdu/processor': ^0.1.0
      '@vitejs/plugin-vue': ^2.2.4
      element-plus: ^1.3.0-beta.5
      sass: ^1.49.0
      typescript: ^4.5.5
      unplugin-auto-import: ^0.6.6
      unplugin-vue-components: ^0.18.4
      vite: ^2.8.6
      vue: ^3.2.27
    dependencies:
      element-plus: 1.3.0-beta.5_vue@3.2.27
    devDependencies:
      '@ugdu/packer': link:../../sources/ugdu/packages/packer
      '@ugdu/processor': link:../../sources/ugdu/packages/processor
      '@vitejs/plugin-vue': 2.2.4_vite@2.8.6+vue@3.2.27
      sass: 1.49.0
      typescript: 4.5.5
      unplugin-auto-import: 0.6.6_vite@2.8.6
      unplugin-vue-components: 0.18.4_vite@2.8.6+vue@3.2.27
      vite: 2.8.6_sass@1.49.0
      vue: 3.2.27

  packages/container:
    specifiers:
      element-plus: ^1.3.0-beta.5
      vue: ^3.2.27
      vue-router: '4'
    dependencies:
      element-plus: 1.3.0-beta.5_vue@3.2.27
      vue: 3.2.27
      vue-router: 4.0.12_vue@3.2.27

  packages/purchase:
    specifiers:
      element-plus: ^1.3.0-beta.5
      vue: ^3.2.27
    dependencies:
      element-plus: 1.3.0-beta.5_vue@3.2.27
      vue: 3.2.27

  packages/root:
    specifiers:
      element-plus: ^1.3.0-beta.5
      vue: ^3.2.27
    dependencies:
      element-plus: 1.3.0-beta.5_vue@3.2.27
      vue: 3.2.27

packages:

  /@antfu/utils/0.5.0:
    resolution: {integrity: sha512-MrAQ/MrPSxbh1bBrmwJjORfJymw4IqSHFBXqvxaga3ZdDM+/zokYF8DjyJpSjY2QmpmgQrajDUBJOWrYeARfzA==}
    dev: true

  /@babel/parser/7.16.10:
    resolution: {integrity: sha512-Sm/S9Or6nN8uiFsQU1yodyDW3MWXQhFeqzMPM+t8MJjM+pLsnFVxFZzkpXKvUXh+Gz9cbMoYYs484+Jw/NTEFQ==}
    engines: {node: '>=6.0.0'}
    hasBin: true

  /@ctrl/tinycolor/3.4.0:
    resolution: {integrity: sha512-JZButFdZ1+/xAfpguQHoabIXkcqRRKpMrWKBkpEZZyxfY9C1DpADFB8PEqGSTeFr135SaTRfKqGKx5xSCLI7ZQ==}
    engines: {node: '>=10'}
    dev: false

  /@element-plus/icons-vue/0.2.6_vue@3.2.27:
    resolution: {integrity: sha512-2gg7VCq4d2firgl7/aVym4Cx/wqKFwKybEQGJiiWJN4urW36+QdAEG1knqSD9qidbjhVp0Jnc9XdSTR1/4Whzw==}
    peerDependencies:
      vue: ^3.2.0
    dependencies:
      vue: 3.2.27
    dev: false

  /@nodelib/fs.scandir/2.1.5:
    resolution: {integrity: sha512-vq24Bq3ym5HEQm2NKCr3yXDwjc7vTsEThRDnkp2DK9p1uqLR+DHurm/NOTo0KG7HYHU7eppKZj3MyqYuMBf62g==}
    engines: {node: '>= 8'}
    dependencies:
      '@nodelib/fs.stat': 2.0.5
      run-parallel: 1.2.0
    dev: true

  /@nodelib/fs.stat/2.0.5:
    resolution: {integrity: sha512-RkhPPp2zrqDAQA/2jNhnztcPAlv64XdhIp7a7454A5ovI7Bukxgt7MX7udwAu3zg1DcpPU0rz3VV1SeaqvY4+A==}
    engines: {node: '>= 8'}
    dev: true

  /@nodelib/fs.walk/1.2.8:
    resolution: {integrity: sha512-oGB+UxlgWcgQkgwo8GcEGwemoTFt3FIO9ababBmaGwXIoBKZ+GTy0pP185beGg7Llih/NSHSV2XAs1lnznocSg==}
    engines: {node: '>= 8'}
    dependencies:
      '@nodelib/fs.scandir': 2.1.5
      fastq: 1.13.0
    dev: true

  /@popperjs/core/2.11.2:
    resolution: {integrity: sha512-92FRmppjjqz29VMJ2dn+xdyXZBrMlE42AV6Kq6BwjWV7CNUW1hs2FtxSNLQE+gJhaZ6AAmYuO9y8dshhcBl7vA==}
    dev: false

  /@rollup/pluginutils/4.2.0:
    resolution: {integrity: sha512-2WUyJNRkyH5p487pGnn4tWAsxhEFKN/pT8CMgHshd5H+IXkOnKvKZwsz5ZWz+YCXkleZRAU5kwbfgF8CPfDRqA==}
    engines: {node: '>= 8.0.0'}
    dependencies:
      estree-walker: 2.0.2
      picomatch: 2.3.1
    dev: true

  /@vitejs/plugin-vue/2.2.4_vite@2.8.6+vue@3.2.27:
    resolution: {integrity: sha512-ev9AOlp0ljCaDkFZF3JwC/pD2N4Hh+r5srl5JHM6BKg5+99jiiK0rE/XaRs3pVm1wzyKkjUy/StBSoXX5fFzcw==}
    engines: {node: '>=12.0.0'}
    peerDependencies:
      vite: ^2.5.10
      vue: ^3.2.25
    dependencies:
      vite: 2.8.6_sass@1.49.0
      vue: 3.2.27
    dev: true

  /@vue/compiler-core/3.2.27:
    resolution: {integrity: sha512-JyxAglSM/pb9paG5ZNuKrf5IUpzLzQA3khjWGF9oESELCLQlt6O3YyPMR2A69wIpYWrf5mScZ8YY8TJKOI/1kQ==}
    dependencies:
      '@babel/parser': 7.16.10
      '@vue/shared': 3.2.27
      estree-walker: 2.0.2
      source-map: 0.6.1

  /@vue/compiler-dom/3.2.27:
    resolution: {integrity: sha512-NyQ7nEbopUBPUMHM4c3FPCbFbnQwptoPjW5Y5qfJ7hfiCNhOuhQsDNqi5JYKBxfpxiFNwjcN9F8t1AsnLrDloQ==}
    dependencies:
      '@vue/compiler-core': 3.2.27
      '@vue/shared': 3.2.27

  /@vue/compiler-sfc/3.2.27:
    resolution: {integrity: sha512-WyecUhLN5UAQAr2QlmG2nA56OEnhZJaBnSw0G1tazb9rwDuK0V9tnbIXbQgmQlx+x4sJxgg61yWGcIXfilTl3A==}
    dependencies:
      '@babel/parser': 7.16.10
      '@vue/compiler-core': 3.2.27
      '@vue/compiler-dom': 3.2.27
      '@vue/compiler-ssr': 3.2.27
      '@vue/reactivity-transform': 3.2.27
      '@vue/shared': 3.2.27
      estree-walker: 2.0.2
      magic-string: 0.25.7
      postcss: 8.4.5
      source-map: 0.6.1

  /@vue/compiler-ssr/3.2.27:
    resolution: {integrity: sha512-+l09t319iV7HVSrXfBw9OLwMZIPOFTXmHjZ61Bc5ZcwKqOYAR4uTurKpoXAfcSc5qs/q6WdE9jY3nrP0LUEMQQ==}
    dependencies:
      '@vue/compiler-dom': 3.2.27
      '@vue/shared': 3.2.27

  /@vue/devtools-api/6.0.0-beta.21.1:
    resolution: {integrity: sha512-FqC4s3pm35qGVeXRGOjTsRzlkJjrBLriDS9YXbflHLsfA9FrcKzIyWnLXoNm+/7930E8rRakXuAc2QkC50swAw==}
    dev: false

  /@vue/reactivity-transform/3.2.27:
    resolution: {integrity: sha512-67//61ObGxGnVrPhjygocb24eYUh+TFMhkm7szm8v5XdKXjkNl7qgIOflwGvUnwuIRJmr9nZ7+PvY0fL+H2upA==}
    dependencies:
      '@babel/parser': 7.16.10
      '@vue/compiler-core': 3.2.27
      '@vue/shared': 3.2.27
      estree-walker: 2.0.2
      magic-string: 0.25.7

  /@vue/reactivity/3.2.27:
    resolution: {integrity: sha512-QPfIQEJidRGIu/mPexhcB4csp1LEg2Nr+/QE72MnXs/OYDtFErhC9FxIyymkxp/xvAgL5wsnSOuDD6zWF42vRQ==}
    dependencies:
      '@vue/shared': 3.2.27

  /@vue/runtime-core/3.2.27:
    resolution: {integrity: sha512-NJrjuViHJyrT4bwIocbE4XDaDlA1Pj61pQlneZZdFEvgdMLlhzCCiJ4WZnWcohYQeisUAZjEFKK8GjQieDPFbw==}
    dependencies:
      '@vue/reactivity': 3.2.27
      '@vue/shared': 3.2.27

  /@vue/runtime-dom/3.2.27:
    resolution: {integrity: sha512-tlnKkvBSkV7MPUp/wRFsYcv67U1rUeZTPfpPzq5Kpmw5NNGkY6J075fFBH2k0MNxDucXS+qfStNrxAyGTUMkSA==}
    dependencies:
      '@vue/runtime-core': 3.2.27
      '@vue/shared': 3.2.27
      csstype: 2.6.19

  /@vue/server-renderer/3.2.27_vue@3.2.27:
    resolution: {integrity: sha512-dZnzkFCDe6A/GIe/F1LcG6lWpprHVh62DjTv8wubtkHwfJWOmOeHp+KvPDRrswL/L3ghsm+E31xY+pvkgM3pbQ==}
    peerDependencies:
      vue: 3.2.27
    dependencies:
      '@vue/compiler-ssr': 3.2.27
      '@vue/shared': 3.2.27
      vue: 3.2.27

  /@vue/shared/3.2.27:
    resolution: {integrity: sha512-rpAn9k6O08Lvo7ekBIAnkOukX/4EsEQLPrRJBKhIEasMsOI5eX0f6mq1sDUSY7cgAqWw2d7QtP74CWxdXoyKxA==}

  /@vueuse/core/7.5.3_vue@3.2.27:
    resolution: {integrity: sha512-D9j5ymHFMFRXQqCp0yZJkf/bvBGiz0MrKUa364p+L8dMyd5zyq2K1JmHyvoBd4xbTFRfmQ1h878u6YE5LCkDVQ==}
    peerDependencies:
      '@vue/composition-api': ^1.1.0
      vue: ^2.6.0 || ^3.2.0
    peerDependenciesMeta:
      '@vue/composition-api':
        optional: true
      vue:
        optional: true
    dependencies:
      '@vueuse/shared': 7.5.3_vue@3.2.27
      vue: 3.2.27
      vue-demi: 0.12.1_vue@3.2.27
    dev: false

  /@vueuse/shared/7.5.3_vue@3.2.27:
    resolution: {integrity: sha512-BJ71cxHN5VByW1S58Gl85NFJaQu93F7Vs7K/MuAKsIIuHm9PBbkR5Vxkg9ko9cBdiKVt+FNoo13BhdbA+Vwycg==}
    peerDependencies:
      '@vue/composition-api': ^1.1.0
      vue: ^2.6.0 || ^3.2.0
    peerDependenciesMeta:
      '@vue/composition-api':
        optional: true
      vue:
        optional: true
    dependencies:
      vue: 3.2.27
      vue-demi: 0.12.1_vue@3.2.27
    dev: false

  /anymatch/3.1.2:
    resolution: {integrity: sha512-P43ePfOAIupkguHUycrc4qJ9kz8ZiuOUijaETwX7THt0Y/GNK7v0aa8rY816xWjZ7rJdA5XdMcpVFTKMq+RvWg==}
    engines: {node: '>= 8'}
    dependencies:
      normalize-path: 3.0.0
      picomatch: 2.3.1
    dev: true

  /async-validator/4.0.7:
    resolution: {integrity: sha512-Pj2IR7u8hmUEDOwB++su6baaRi+QvsgajuFB9j95foM1N2gy5HM4z60hfusIO0fBPG5uLAEl6yCJr1jNSVugEQ==}
    dev: false

  /balanced-match/1.0.2:
    resolution: {integrity: sha512-3oSeUO0TMV67hN1AmbXsK4yaqU7tjiHlbxRDZOpH0KW9+CeX4bRAaX0Anxt0tx2MrpRpWwQaPwIlISEJhYU5Pw==}
    dev: true

  /binary-extensions/2.2.0:
    resolution: {integrity: sha512-jDctJ/IVQbZoJykoeHbhXpOlNBqGNcwXJKJog42E5HDPUwQTSdjCHdihjj0DlnheQ7blbT6dHOafNAiS8ooQKA==}
    engines: {node: '>=8'}
    dev: true

  /brace-expansion/2.0.1:
    resolution: {integrity: sha512-XnAIvQ8eM+kC6aULx6wuQiwVsnzsi9d3WxzV3FpWTGA19F621kwdbsAcFKXgKUHZWsy+mY6iL1sHTxWEFCytDA==}
    dependencies:
      balanced-match: 1.0.2
    dev: true

  /braces/3.0.2:
    resolution: {integrity: sha512-b8um+L1RzM3WDSzvhm6gIz1yfTbBt6YTlcEKAvsmqCZZFw46z626lVj9j1yEPW33H5H+lBQpZMP1k8l+78Ha0A==}
    engines: {node: '>=8'}
    dependencies:
      fill-range: 7.0.1
    dev: true

  /chokidar/3.5.3:
    resolution: {integrity: sha512-Dr3sfKRP6oTcjf2JmUmFJfeVMvXBdegxB0iVQ5eb2V10uFJUCAS8OByZdVAyVb8xXNz3GjjTgj9kLWsZTqE6kw==}
    engines: {node: '>= 8.10.0'}
    dependencies:
      anymatch: 3.1.2
      braces: 3.0.2
      glob-parent: 5.1.2
      is-binary-path: 2.1.0
      is-glob: 4.0.3
      normalize-path: 3.0.0
      readdirp: 3.6.0
    optionalDependencies:
      fsevents: 2.3.2
    dev: true

  /csstype/2.6.19:
    resolution: {integrity: sha512-ZVxXaNy28/k3kJg0Fou5MiYpp88j7H9hLZp8PDC3jV0WFjfH5E9xHb56L0W59cPbKbcHXeP4qyT8PrHp8t6LcQ==}

  /dayjs/1.10.7:
    resolution: {integrity: sha512-P6twpd70BcPK34K26uJ1KT3wlhpuOAPoMwJzpsIWUxHZ7wpmbdZL/hQqBDfz7hGurYSa5PhzdhDHtt319hL3ig==}
    dev: false

  /debug/4.3.4:
    resolution: {integrity: sha512-PRWFHuSU3eDtQJPvnNY7Jcket1j0t5OuOsFzPPzsekD52Zl8qUfFIPEiswXqIvHWGVHOgX+7G/vCNNhehwxfkQ==}
    engines: {node: '>=6.0'}
    peerDependencies:
      supports-color: '*'
    peerDependenciesMeta:
      supports-color:
        optional: true
    dependencies:
      ms: 2.1.2
    dev: true

  /element-plus/1.3.0-beta.5_vue@3.2.27:
    resolution: {integrity: sha512-su0sHN4ZkR5ISyP1McyiqY5wqrgZgKq0El0lSohjvjEWR3ODlgdmMfQolV0ZqTXKlO2mS16hO7nTFwX9PvZNTQ==}
    peerDependencies:
      vue: ^3.2.0
    dependencies:
      '@ctrl/tinycolor': 3.4.0
      '@element-plus/icons-vue': 0.2.6_vue@3.2.27
      '@popperjs/core': 2.11.2
      '@vueuse/core': 7.5.3_vue@3.2.27
      async-validator: 4.0.7
      dayjs: 1.10.7
      lodash: 4.17.21
      memoize-one: 6.0.0
      normalize-wheel-es: 1.1.1
      vue: 3.2.27
    transitivePeerDependencies:
      - '@vue/composition-api'
    dev: false

  /esbuild-android-64/0.14.27:
    resolution: {integrity: sha512-LuEd4uPuj/16Y8j6kqy3Z2E9vNY9logfq8Tq+oTE2PZVuNs3M1kj5Qd4O95ee66yDGb3isaOCV7sOLDwtMfGaQ==}
    engines: {node: '>=12'}
    cpu: [x64]
    os: [android]
    requiresBuild: true
    dev: true
    optional: true

  /esbuild-android-arm64/0.14.27:
    resolution: {integrity: sha512-E8Ktwwa6vX8q7QeJmg8yepBYXaee50OdQS3BFtEHKrzbV45H4foMOeEE7uqdjGQZFBap5VAqo7pvjlyA92wznQ==}
    engines: {node: '>=12'}
    cpu: [arm64]
    os: [android]
    requiresBuild: true
    dev: true
    optional: true

  /esbuild-darwin-64/0.14.27:
    resolution: {integrity: sha512-czw/kXl/1ZdenPWfw9jDc5iuIYxqUxgQ/Q+hRd4/3udyGGVI31r29LCViN2bAJgGvQkqyLGVcG03PJPEXQ5i2g==}
    engines: {node: '>=12'}
    cpu: [x64]
    os: [darwin]
    requiresBuild: true
    dev: true
    optional: true

  /esbuild-darwin-arm64/0.14.27:
    resolution: {integrity: sha512-BEsv2U2U4o672oV8+xpXNxN9bgqRCtddQC6WBh4YhXKDcSZcdNh7+6nS+DM2vu7qWIWNA4JbRG24LUUYXysimQ==}
    engines: {node: '>=12'}
    cpu: [arm64]
    os: [darwin]
    requiresBuild: true
    dev: true
    optional: true

  /esbuild-freebsd-64/0.14.27:
    resolution: {integrity: sha512-7FeiFPGBo+ga+kOkDxtPmdPZdayrSzsV9pmfHxcyLKxu+3oTcajeZlOO1y9HW+t5aFZPiv7czOHM4KNd0tNwCA==}
    engines: {node: '>=12'}
    cpu: [x64]
    os: [freebsd]
    requiresBuild: true
    dev: true
    optional: true

  /esbuild-freebsd-arm64/0.14.27:
    resolution: {integrity: sha512-8CK3++foRZJluOWXpllG5zwAVlxtv36NpHfsbWS7TYlD8S+QruXltKlXToc/5ZNzBK++l6rvRKELu/puCLc7jA==}
    engines: {node: '>=12'}
    cpu: [arm64]
    os: [freebsd]
    requiresBuild: true
    dev: true
    optional: true

  /esbuild-linux-32/0.14.27:
    resolution: {integrity: sha512-qhNYIcT+EsYSBClZ5QhLzFzV5iVsP1YsITqblSaztr3+ZJUI+GoK8aXHyzKd7/CKKuK93cxEMJPpfi1dfsOfdw==}
    engines: {node: '>=12'}
    cpu: [ia32]
    os: [linux]
    requiresBuild: true
    dev: true
    optional: true

  /esbuild-linux-64/0.14.27:
    resolution: {integrity: sha512-ESjck9+EsHoTaKWlFKJpPZRN26uiav5gkI16RuI8WBxUdLrrAlYuYSndxxKgEn1csd968BX/8yQZATYf/9+/qg==}
    engines: {node: '>=12'}
    cpu: [x64]
    os: [linux]
    requiresBuild: true
    dev: true
    optional: true

  /esbuild-linux-arm/0.14.27:
    resolution: {integrity: sha512-JnnmgUBdqLQO9hoNZQqNHFWlNpSX82vzB3rYuCJMhtkuaWQEmQz6Lec1UIxJdC38ifEghNTBsF9bbe8dFilnCw==}
    engines: {node: '>=12'}
    cpu: [arm]
    os: [linux]
    requiresBuild: true
    dev: true
    optional: true

  /esbuild-linux-arm64/0.14.27:
    resolution: {integrity: sha512-no6Mi17eV2tHlJnqBHRLekpZ2/VYx+NfGxKcBE/2xOMYwctsanCaXxw4zapvNrGE9X38vefVXLz6YCF8b1EHiQ==}
    engines: {node: '>=12'}
    cpu: [arm64]
    os: [linux]
    requiresBuild: true
    dev: true
    optional: true

  /esbuild-linux-mips64le/0.14.27:
    resolution: {integrity: sha512-NolWP2uOvIJpbwpsDbwfeExZOY1bZNlWE/kVfkzLMsSgqeVcl5YMen/cedRe9mKnpfLli+i0uSp7N+fkKNU27A==}
    engines: {node: '>=12'}
    cpu: [mips64el]
    os: [linux]
    requiresBuild: true
    dev: true
    optional: true

  /esbuild-linux-ppc64le/0.14.27:
    resolution: {integrity: sha512-/7dTjDvXMdRKmsSxKXeWyonuGgblnYDn0MI1xDC7J1VQXny8k1qgNp6VmrlsawwnsymSUUiThhkJsI+rx0taNA==}
    engines: {node: '>=12'}
    cpu: [ppc64]
    os: [linux]
    requiresBuild: true
    dev: true
    optional: true

  /esbuild-linux-riscv64/0.14.27:
    resolution: {integrity: sha512-D+aFiUzOJG13RhrSmZgrcFaF4UUHpqj7XSKrIiCXIj1dkIkFqdrmqMSOtSs78dOtObWiOrFCDDzB24UyeEiNGg==}
    engines: {node: '>=12'}
    cpu: [riscv64]
    os: [linux]
    requiresBuild: true
    dev: true
    optional: true

  /esbuild-linux-s390x/0.14.27:
    resolution: {integrity: sha512-CD/D4tj0U4UQjELkdNlZhQ8nDHU5rBn6NGp47Hiz0Y7/akAY5i0oGadhEIg0WCY/HYVXFb3CsSPPwaKcTOW3bg==}
    engines: {node: '>=12'}
    cpu: [s390x]
    os: [linux]
    requiresBuild: true
    dev: true
    optional: true

  /esbuild-netbsd-64/0.14.27:
    resolution: {integrity: sha512-h3mAld69SrO1VoaMpYl3a5FNdGRE/Nqc+E8VtHOag4tyBwhCQXxtvDDOAKOUQexBGca0IuR6UayQ4ntSX5ij1Q==}
    engines: {node: '>=12'}
    cpu: [x64]
    os: [netbsd]
    requiresBuild: true
    dev: true
    optional: true

  /esbuild-openbsd-64/0.14.27:
    resolution: {integrity: sha512-xwSje6qIZaDHXWoPpIgvL+7fC6WeubHHv18tusLYMwL+Z6bEa4Pbfs5IWDtQdHkArtfxEkIZz77944z8MgDxGw==}
    engines: {node: '>=12'}
    cpu: [x64]
    os: [openbsd]
    requiresBuild: true
    dev: true
    optional: true

  /esbuild-sunos-64/0.14.27:
    resolution: {integrity: sha512-/nBVpWIDjYiyMhuqIqbXXsxBc58cBVH9uztAOIfWShStxq9BNBik92oPQPJ57nzWXRNKQUEFWr4Q98utDWz7jg==}
    engines: {node: '>=12'}
    cpu: [x64]
    os: [sunos]
    requiresBuild: true
    dev: true
    optional: true

  /esbuild-windows-32/0.14.27:
    resolution: {integrity: sha512-Q9/zEjhZJ4trtWhFWIZvS/7RUzzi8rvkoaS9oiizkHTTKd8UxFwn/Mm2OywsAfYymgUYm8+y2b+BKTNEFxUekw==}
    engines: {node: '>=12'}
    cpu: [ia32]
    os: [win32]
    requiresBuild: true
    dev: true
    optional: true

  /esbuild-windows-64/0.14.27:
    resolution: {integrity: sha512-b3y3vTSl5aEhWHK66ngtiS/c6byLf6y/ZBvODH1YkBM+MGtVL6jN38FdHUsZasCz9gFwYs/lJMVY9u7GL6wfYg==}
    engines: {node: '>=12'}
    cpu: [x64]
    os: [win32]
    requiresBuild: true
    dev: true
    optional: true

  /esbuild-windows-arm64/0.14.27:
    resolution: {integrity: sha512-I/reTxr6TFMcR5qbIkwRGvldMIaiBu2+MP0LlD7sOlNXrfqIl9uNjsuxFPGEG4IRomjfQ5q8WT+xlF/ySVkqKg==}
    engines: {node: '>=12'}
    cpu: [arm64]
    os: [win32]
    requiresBuild: true
    dev: true
    optional: true

  /esbuild/0.14.27:
    resolution: {integrity: sha512-MZQt5SywZS3hA9fXnMhR22dv0oPGh6QtjJRIYbgL1AeqAoQZE+Qn5ppGYQAoHv/vq827flj4tIJ79Mrdiwk46Q==}
    engines: {node: '>=12'}
    hasBin: true
    requiresBuild: true
    optionalDependencies:
      esbuild-android-64: 0.14.27
      esbuild-android-arm64: 0.14.27
      esbuild-darwin-64: 0.14.27
      esbuild-darwin-arm64: 0.14.27
      esbuild-freebsd-64: 0.14.27
      esbuild-freebsd-arm64: 0.14.27
      esbuild-linux-32: 0.14.27
      esbuild-linux-64: 0.14.27
      esbuild-linux-arm: 0.14.27
      esbuild-linux-arm64: 0.14.27
      esbuild-linux-mips64le: 0.14.27
      esbuild-linux-ppc64le: 0.14.27
      esbuild-linux-riscv64: 0.14.27
      esbuild-linux-s390x: 0.14.27
      esbuild-netbsd-64: 0.14.27
      esbuild-openbsd-64: 0.14.27
      esbuild-sunos-64: 0.14.27
      esbuild-windows-32: 0.14.27
      esbuild-windows-64: 0.14.27
      esbuild-windows-arm64: 0.14.27
    dev: true

  /estree-walker/2.0.2:
    resolution: {integrity: sha512-Rfkk/Mp/DL7JVje3u18FxFujQlTNR2q6QfMSMB7AvCBx91NGj/ba3kCfza0f6dVDbw7YlRf/nDrn7pQrCCyQ/w==}

  /fast-glob/3.2.11:
    resolution: {integrity: sha512-xrO3+1bxSo3ZVHAnqzyuewYT6aMFHRAd4Kcs92MAonjwQZLsK9d0SF1IyQ3k5PoirxTW0Oe/RqFgMQ6TcNE5Ew==}
    engines: {node: '>=8.6.0'}
    dependencies:
      '@nodelib/fs.stat': 2.0.5
      '@nodelib/fs.walk': 1.2.8
      glob-parent: 5.1.2
      merge2: 1.4.1
      micromatch: 4.0.4
    dev: true

  /fastq/1.13.0:
    resolution: {integrity: sha512-YpkpUnK8od0o1hmeSc7UUs/eB/vIPWJYjKck2QKIzAf71Vm1AAQ3EbuZB3g2JIy+pg+ERD0vqI79KyZiB2e2Nw==}
    dependencies:
      reusify: 1.0.4
    dev: true

  /fill-range/7.0.1:
    resolution: {integrity: sha512-qOo9F+dMUmC2Lcb4BbVvnKJxTPjCm+RRpe4gDuGrzkL7mEVl/djYSu2OdQ2Pa302N4oqkSg9ir6jaLWJ2USVpQ==}
    engines: {node: '>=8'}
    dependencies:
      to-regex-range: 5.0.1
    dev: true

  /fsevents/2.3.2:
    resolution: {integrity: sha512-xiqMQR4xAeHTuB9uWm+fFRcIOgKBMiOBP+eXiyT7jsgVCq1bkVygt00oASowB7EdtpOHaaPgKt812P9ab+DDKA==}
    engines: {node: ^8.16.0 || ^10.6.0 || >=11.0.0}
    os: [darwin]
    requiresBuild: true
    dev: true
    optional: true

  /function-bind/1.1.1:
    resolution: {integrity: sha512-yIovAzMX49sF8Yl58fSCWJ5svSLuaibPxXQJFLmBObTuCr0Mf1KiPopGM9NiFjiYBCbfaa2Fh6breQ6ANVTI0A==}
    dev: true

  /glob-parent/5.1.2:
    resolution: {integrity: sha512-AOIgSQCepiJYwP3ARnGx+5VnTu2HBYdzbGP45eLw1vr3zB3vZLeyed1sC9hnbcOc9/SrMyM5RPQrkGz4aS9Zow==}
    engines: {node: '>= 6'}
    dependencies:
      is-glob: 4.0.3
    dev: true

  /has/1.0.3:
    resolution: {integrity: sha512-f2dvO0VU6Oej7RkWJGrehjbzMAjFp5/VKPp5tTpWIV4JHHZK1/BxbFRtf/siA2SWTe09caDmVtYYzWEIbBS4zw==}
    engines: {node: '>= 0.4.0'}
    dependencies:
      function-bind: 1.1.1
    dev: true

  /immutable/4.0.0:
    resolution: {integrity: sha512-zIE9hX70qew5qTUjSS7wi1iwj/l7+m54KWU247nhM3v806UdGj1yDndXj+IOYxxtW9zyLI+xqFNZjTuDaLUqFw==}
    dev: true

  /is-binary-path/2.1.0:
    resolution: {integrity: sha512-ZMERYes6pDydyuGidse7OsHxtbI7WVeUEozgR/g7rd0xUimYNlvZRE/K2MgZTjWy725IfelLeVcEM97mmtRGXw==}
    engines: {node: '>=8'}
    dependencies:
      binary-extensions: 2.2.0
    dev: true

  /is-core-module/2.8.1:
    resolution: {integrity: sha512-SdNCUs284hr40hFTFP6l0IfZ/RSrMXF3qgoRHd3/79unUTvrFO/JoXwkGm+5J/Oe3E/b5GsnG330uUNgRpu1PA==}
    dependencies:
      has: 1.0.3
    dev: true

  /is-extglob/2.1.1:
    resolution: {integrity: sha1-qIwCU1eR8C7TfHahueqXc8gz+MI=}
    engines: {node: '>=0.10.0'}
    dev: true

  /is-glob/4.0.3:
    resolution: {integrity: sha512-xelSayHH36ZgE7ZWhli7pW34hNbNl8Ojv5KVmkJD4hBdD3th8Tfk9vYasLM+mXWOZhFkgZfxhLSnrwRr4elSSg==}
    engines: {node: '>=0.10.0'}
    dependencies:
      is-extglob: 2.1.1
    dev: true

  /is-number/7.0.0:
    resolution: {integrity: sha512-41Cifkg6e8TylSpdtTpeLVMqvSBEVzTttHvERD741+pnZ8ANv0004MRL43QKPDlK9cGvNp6NZWZUBlbGXYxxng==}
    engines: {node: '>=0.12.0'}
    dev: true

  /local-pkg/0.4.1:
    resolution: {integrity: sha512-lL87ytIGP2FU5PWwNDo0w3WhIo2gopIAxPg9RxDYF7m4rr5ahuZxP22xnJHIvaLTe4Z9P6uKKY2UHiwyB4pcrw==}
    engines: {node: '>=14'}
    dev: true

  /lodash/4.17.21:
    resolution: {integrity: sha512-v2kDEe57lecTulaDIuNTPy3Ry4gLGJ6Z1O3vE1krgXZNrsQ+LFTGHVxVjcXPs17LhbZVGedAJv8XZ1tvj5FvSg==}
    dev: false

  /magic-string/0.25.7:
    resolution: {integrity: sha512-4CrMT5DOHTDk4HYDlzmwu4FVCcIYI8gauveasrdCu2IKIFOJ3f0v/8MDGJCDL9oD2ppz/Av1b0Nj345H9M+XIA==}
    dependencies:
      sourcemap-codec: 1.4.8

  /magic-string/0.26.1:
    resolution: {integrity: sha512-ndThHmvgtieXe8J/VGPjG+Apu7v7ItcD5mhEIvOscWjPF/ccOiLxHaSuCAS2G+3x4GKsAbT8u7zdyamupui8Tg==}
    engines: {node: '>=12'}
    dependencies:
      sourcemap-codec: 1.4.8
    dev: true

  /memoize-one/6.0.0:
    resolution: {integrity: sha512-rkpe71W0N0c0Xz6QD0eJETuWAJGnJ9afsl1srmwPrI+yBCkge5EycXXbYRyvL29zZVUWQCY7InPRCv3GDXuZNw==}
    dev: false

  /merge2/1.4.1:
    resolution: {integrity: sha512-8q7VEgMJW4J8tcfVPy8g09NcQwZdbwFEqhe/WZkoIzjn/3TGDwtOCYtXGxA3O8tPzpczCCDgv+P2P5y00ZJOOg==}
    engines: {node: '>= 8'}
    dev: true

  /micromatch/4.0.4:
    resolution: {integrity: sha512-pRmzw/XUcwXGpD9aI9q/0XOwLNygjETJ8y0ao0wdqprrzDa4YnxLcz7fQRZr8voh8V10kGhABbNcHVk5wHgWwg==}
    engines: {node: '>=8.6'}
    dependencies:
      braces: 3.0.2
      picomatch: 2.3.1
    dev: true

  /minimatch/5.0.1:
    resolution: {integrity: sha512-nLDxIFRyhDblz3qMuq+SoRZED4+miJ/G+tdDrjkkkRnjAsBexeGpgjLEQ0blJy7rHhR2b93rhQY4SvyWu9v03g==}
    engines: {node: '>=10'}
    dependencies:
      brace-expansion: 2.0.1
    dev: true

  /ms/2.1.2:
    resolution: {integrity: sha512-sGkPx+VjMtmA6MX27oA4FBFELFCZZ4S4XqeGOXCv68tT+jb3vk/RyaKWP0PTKyWtmLSM0b+adUTEvbs1PEaH2w==}
    dev: true

  /nanoid/3.2.0:
    resolution: {integrity: sha512-fmsZYa9lpn69Ad5eDn7FMcnnSR+8R34W9qJEijxYhTbfOWzr22n1QxCMzXLK+ODyW2973V3Fux959iQoUxzUIA==}
    engines: {node: ^10 || ^12 || ^13.7 || ^14 || >=15.0.1}
    hasBin: true

  /nanoid/3.3.1:
    resolution: {integrity: sha512-n6Vs/3KGyxPQd6uO0eH4Bv0ojGSUvuLlIHtC3Y0kEO23YRge8H9x1GCzLn28YX0H66pMkxuaeESFq4tKISKwdw==}
    engines: {node: ^10 || ^12 || ^13.7 || ^14 || >=15.0.1}
    hasBin: true
    dev: true

  /normalize-path/3.0.0:
    resolution: {integrity: sha512-6eZs5Ls3WtCisHWp9S2GUy8dqkpGi4BVSz3GaqiE6ezub0512ESztXUwUB6C6IKbQkY2Pnb/mD4WYojCRwcwLA==}
    engines: {node: '>=0.10.0'}
    dev: true

  /normalize-wheel-es/1.1.1:
    resolution: {integrity: sha512-157VNH4CngrcsvF8xOVOe22cwniIR3nxSltdctvQeHZj8JttEeOXffK28jucWfWBXs0QNetAumjc1GiInnwX4w==}
    dev: false

  /path-parse/1.0.7:
    resolution: {integrity: sha512-LDJzPVEEEPR+y48z93A0Ed0yXb8pAByGWo/k5YYdYgpY2/2EsOsksJrq7lOHxryrVOn1ejG6oAp8ahvOIQD8sw==}
    dev: true

  /picocolors/1.0.0:
    resolution: {integrity: sha512-1fygroTLlHu66zi26VoTDv8yRgm0Fccecssto+MhsZ0D/DGW2sm8E8AjW7NU5VVTRt5GxbeZ5qBuJr+HyLYkjQ==}

  /picomatch/2.3.1:
    resolution: {integrity: sha512-JU3teHTNjmE2VCGFzuY8EXzCDVwEqB2a8fsIvwaStHhAWJEeVd1o1QD80CU6+ZdEXXSLbSsuLwJjkCBWqRQUVA==}
    engines: {node: '>=8.6'}
    dev: true

  /postcss/8.4.12:
    resolution: {integrity: sha512-lg6eITwYe9v6Hr5CncVbK70SoioNQIq81nsaG86ev5hAidQvmOeETBqs7jm43K2F5/Ley3ytDtriImV6TpNiSg==}
    engines: {node: ^10 || ^12 || >=14}
    dependencies:
      nanoid: 3.3.1
      picocolors: 1.0.0
      source-map-js: 1.0.2
    dev: true

  /postcss/8.4.5:
    resolution: {integrity: sha512-jBDboWM8qpaqwkMwItqTQTiFikhs/67OYVvblFFTM7MrZjt6yMKd6r2kgXizEbTTljacm4NldIlZnhbjr84QYg==}
    engines: {node: ^10 || ^12 || >=14}
    dependencies:
      nanoid: 3.2.0
      picocolors: 1.0.0
      source-map-js: 1.0.2

  /queue-microtask/1.2.3:
    resolution: {integrity: sha512-NuaNSa6flKT5JaSYQzJok04JzTL1CA6aGhv5rfLW3PgqA+M2ChpZQnAC8h8i4ZFkBS8X5RqkDBHA7r4hej3K9A==}
    dev: true

  /readdirp/3.6.0:
    resolution: {integrity: sha512-hOS089on8RduqdbhvQ5Z37A0ESjsqz6qnRcffsMU3495FuTdqSm+7bhJ29JvIOsBDEEnan5DPu9t3To9VRlMzA==}
    engines: {node: '>=8.10.0'}
    dependencies:
      picomatch: 2.3.1
    dev: true

  /resolve/1.22.0:
    resolution: {integrity: sha512-Hhtrw0nLeSrFQ7phPp4OOcVjLPIeMnRlr5mcnVuMe7M/7eBn98A3hmFRLoFo3DLZkivSYwhRUJTyPyWAk56WLw==}
    hasBin: true
    dependencies:
      is-core-module: 2.8.1
      path-parse: 1.0.7
      supports-preserve-symlinks-flag: 1.0.0
    dev: true

  /reusify/1.0.4:
    resolution: {integrity: sha512-U9nH88a3fc/ekCF1l0/UP1IosiuIjyTh7hBvXVMHYgVcfGvt897Xguj2UOLDeI5BG2m7/uwyaLVT6fbtCwTyzw==}
    engines: {iojs: '>=1.0.0', node: '>=0.10.0'}
    dev: true

  /rollup/2.70.1:
    resolution: {integrity: sha512-CRYsI5EuzLbXdxC6RnYhOuRdtz4bhejPMSWjsFLfVM/7w/85n2szZv6yExqUXsBdz5KT8eoubeyDUDjhLHEslA==}
    engines: {node: '>=10.0.0'}
    hasBin: true
    optionalDependencies:
      fsevents: 2.3.2
    dev: true

  /run-parallel/1.2.0:
    resolution: {integrity: sha512-5l4VyZR86LZ/lDxZTR6jqL8AFE2S0IFLMP26AbjsLVADxHdhB/c0GUsH+y39UfCi3dzz8OlQuPmnaJOMoDHQBA==}
    dependencies:
      queue-microtask: 1.2.3
    dev: true

  /sass/1.49.0:
    resolution: {integrity: sha512-TVwVdNDj6p6b4QymJtNtRS2YtLJ/CqZriGg0eIAbAKMlN8Xy6kbv33FsEZSF7FufFFM705SQviHjjThfaQ4VNw==}
    engines: {node: '>=8.9.0'}
    hasBin: true
    dependencies:
      chokidar: 3.5.3
      immutable: 4.0.0
      source-map-js: 1.0.2
    dev: true

  /source-map-js/1.0.2:
    resolution: {integrity: sha512-R0XvVJ9WusLiqTCEiGCmICCMplcCkIwwR11mOSD9CR5u+IXYdiseeEuXCVAjS54zqwkLcPNnmU4OeJ6tUrWhDw==}
    engines: {node: '>=0.10.0'}

  /source-map/0.6.1:
    resolution: {integrity: sha512-UjgapumWlbMhkBgzT7Ykc5YXUT46F0iKu8SGXq0bcwP5dz/h0Plj6enJqjz1Zbq2l5WaqYnrVbwWOWMyF3F47g==}
    engines: {node: '>=0.10.0'}

  /sourcemap-codec/1.4.8:
    resolution: {integrity: sha512-9NykojV5Uih4lgo5So5dtw+f0JgJX30KCNI8gwhz2J9A15wD0Ml6tjHKwf6fTSa6fAdVBdZeNOs9eJ71qCk8vA==}

  /supports-preserve-symlinks-flag/1.0.0:
    resolution: {integrity: sha512-ot0WnXS9fgdkgIcePe6RHNk1WA8+muPa6cSjeR3V8K27q9BB1rTE3R1p7Hv0z1ZyAc8s6Vvv8DIyWf681MAt0w==}
    engines: {node: '>= 0.4'}
    dev: true

  /to-regex-range/5.0.1:
    resolution: {integrity: sha512-65P7iz6X5yEr1cwcgvQxbbIw7Uk3gOy5dIdtZ4rDveLqhrdJP+Li/Hx6tyK0NEb+2GCyneCMJiGqrADCSNk8sQ==}
    engines: {node: '>=8.0'}
    dependencies:
      is-number: 7.0.0
    dev: true

  /typescript/4.5.5:
    resolution: {integrity: sha512-TCTIul70LyWe6IJWT8QSYeA54WQe8EjQFU4wY52Fasj5UKx88LNYKCgBEHcOMOrFF1rKGbD8v/xcNWVUq9SymA==}
    engines: {node: '>=4.2.0'}
    hasBin: true
    dev: true

  /unplugin-auto-import/0.6.6_vite@2.8.6:
    resolution: {integrity: sha512-x3YxAI9ePoumXOakuS5YJlFkSyAkl5vJlaFZSJhSp75nH5gg8LpqQ/0Gz1/CG/JRRv+xaE1CZpEV161AqFGjEg==}
    engines: {node: '>=14'}
    peerDependencies:
      '@vueuse/core': '*'
    peerDependenciesMeta:
      '@vueuse/core':
        optional: true
    dependencies:
      '@antfu/utils': 0.5.0
      '@rollup/pluginutils': 4.2.0
      local-pkg: 0.4.1
      magic-string: 0.26.1
      resolve: 1.22.0
      unplugin: 0.4.0_vite@2.8.6
    transitivePeerDependencies:
      - esbuild
      - rollup
      - vite
      - webpack
    dev: true

  /unplugin-vue-components/0.18.4_vite@2.8.6+vue@3.2.27:
    resolution: {integrity: sha512-nYPv7GgKKRZ/U12z6nLyjG5dsdUflTtnWvzOMLkT5p1UXT6wssN2epA/HbYV+KNLw8l+N1cGMEoaiMZrZxkh8Q==}
    engines: {node: '>=14'}
    peerDependencies:
      '@babel/parser': ^7.15.8
      '@babel/traverse': ^7.15.4
      vue: 2 || 3
    peerDependenciesMeta:
      '@babel/parser':
        optional: true
      '@babel/traverse':
        optional: true
    dependencies:
      '@antfu/utils': 0.5.0
      '@rollup/pluginutils': 4.2.0
      chokidar: 3.5.3
      debug: 4.3.4
      fast-glob: 3.2.11
      local-pkg: 0.4.1
      magic-string: 0.26.1
      minimatch: 5.0.1
      resolve: 1.22.0
      unplugin: 0.4.0_vite@2.8.6
      vue: 3.2.27
    transitivePeerDependencies:
      - esbuild
      - rollup
      - supports-color
      - vite
      - webpack
    dev: true

  /unplugin/0.4.0_vite@2.8.6:
    resolution: {integrity: sha512-4ScITEmzlz1iZW3tkz+3L1V5k/xMQ6kjgm4lEXKxH0ozd8/OUWfiSA7RMRyrawsvq/t50JIzPpp1UyuSL/AXkA==}
    peerDependencies:
      esbuild: '>=0.13'
      rollup: ^2.50.0
      vite: ^2.3.0
      webpack: 4 || 5
    peerDependenciesMeta:
      esbuild:
        optional: true
      rollup:
        optional: true
      vite:
        optional: true
      webpack:
        optional: true
    dependencies:
      chokidar: 3.5.3
      vite: 2.8.6_sass@1.49.0
      webpack-virtual-modules: 0.4.3
    dev: true

  /vite/2.8.6_sass@1.49.0:
    resolution: {integrity: sha512-e4H0QpludOVKkmOsRyqQ7LTcMUDF3mcgyNU4lmi0B5JUbe0ZxeBBl8VoZ8Y6Rfn9eFKYtdXNPcYK97ZwH+K2ug==}
    engines: {node: '>=12.2.0'}
    hasBin: true
    peerDependencies:
      less: '*'
      sass: '*'
      stylus: '*'
    peerDependenciesMeta:
      less:
        optional: true
      sass:
        optional: true
      stylus:
        optional: true
    dependencies:
      esbuild: 0.14.27
      postcss: 8.4.12
      resolve: 1.22.0
      rollup: 2.70.1
      sass: 1.49.0
    optionalDependencies:
      fsevents: 2.3.2
    dev: true

  /vue-demi/0.12.1_vue@3.2.27:
    resolution: {integrity: sha512-QL3ny+wX8c6Xm1/EZylbgzdoDolye+VpCXRhI2hug9dJTP3OUJ3lmiKN3CsVV3mOJKwFi0nsstbgob0vG7aoIw==}
    engines: {node: '>=12'}
    hasBin: true
    requiresBuild: true
    peerDependencies:
      '@vue/composition-api': ^1.0.0-rc.1
      vue: ^3.0.0-0 || ^2.6.0
    peerDependenciesMeta:
      '@vue/composition-api':
        optional: true
    dependencies:
      vue: 3.2.27
    dev: false

  /vue-router/4.0.12_vue@3.2.27:
    resolution: {integrity: sha512-CPXvfqe+mZLB1kBWssssTiWg4EQERyqJZes7USiqfW9B5N2x+nHlnsM1D3b5CaJ6qgCvMmYJnz+G0iWjNCvXrg==}
    peerDependencies:
      vue: ^3.0.0
    dependencies:
      '@vue/devtools-api': 6.0.0-beta.21.1
      vue: 3.2.27
    dev: false

  /vue/3.2.27:
    resolution: {integrity: sha512-p1cH8Q6eaPwvANCjFQj497a914cxXKKwOG3Lg9USddTOrn4/zFMKjn9dnovkx+L8VtFaNgbVqW8mLJS/eTA6xw==}
    dependencies:
      '@vue/compiler-dom': 3.2.27
      '@vue/compiler-sfc': 3.2.27
      '@vue/runtime-dom': 3.2.27
      '@vue/server-renderer': 3.2.27_vue@3.2.27
      '@vue/shared': 3.2.27

  /webpack-virtual-modules/0.4.3:
    resolution: {integrity: sha512-5NUqC2JquIL2pBAAo/VfBP6KuGkHIZQXW/lNKupLPfhViwh8wNsu0BObtl09yuKZszeEUfbXz8xhrHvSG16Nqw==}
    dev: true
